
Microsoft Visual Studio Solution File, Format Version 12.00
# Visual Studio Version 16
VisualStudioVersion = 16.0.810.7
MinimumVisualStudioVersion = 10.0.40219.1
Project("{FAE04EC0-301F-11D3-BF4B-00C04F79EFBC}") = "ReLink", "ReLink\ReLink.csproj", "{D8E544AA-5CAF-4120-80AA-69752B35EBE5}"
EndProject
Global
	GlobalSection(SolutionConfigurationPlatforms) = preSolution
		Debug|Any CPU = Debug|Any CPU
		Release|Any CPU = Release|Any CPU
	EndGlobalSection
	GlobalSection(ProjectConfigurationPlatforms) = postSolution
		{D8E544AA-5CAF-4120-80AA-69752B35EBE5}.Debug|Any CPU.ActiveCfg = Debug|Any CPU
		{D8E544AA-5CAF-4120-80AA-69752B35EBE5}.Debug|Any CPU.Build.0 = Debug|Any CPU
		{D8E544AA-5CAF-4120-80AA-69752B35EBE5}.Release|Any CPU.ActiveCfg = Release|Any CPU
		{D8E544AA-5CAF-4120-80AA-69752B35EBE5}.Release|Any CPU.Build.0 = Release|Any CPU
	EndGlobalSection
	GlobalSection(SolutionProperties) = preSolution
		HideSolutionNode = FALSE
	EndGlobalSection
	GlobalSection(ExtensibilityGlobals) = postSolution
		SolutionGuid = {EC7B8513-244B-4944-BA4F-D693FFF2712E}
	EndGlobalSection
	GlobalSection(MonoDevelopProperties) = preSolution
		Policies = $0
		$0.DotNetNamingPolicy = $1
		$1.DirectoryNamespaceAssociation = PrefixedHierarchical
		$0.StandardHeader = $2
	EndGlobalSection
EndGlobal
